
Microsoft Visual Studio Solution File, Format Version 12.00
# Visual Studio Version 17
VisualStudioVersion = 17.6.33815.320
MinimumVisualStudioVersion = 10.0.40219.1
Project("{FAE04EC0-301F-11D3-BF4B-00C04F79EFBC}") = "MVCCRUD", "MVCCRUD\MVCCRUD.csproj", "{8226941D-924B-42D0-815F-8FE4222815FB}"
EndProject
Global
	GlobalSection(SolutionConfigurationPlatforms) = preSolution
		Debug|Any CPU = Debug|Any CPU
		Release|Any CPU = Release|Any CPU
	EndGlobalSection
	GlobalSection(ProjectConfigurationPlatforms) = postSolution
		{8226941D-924B-42D0-815F-8FE4222815FB}.Debug|Any CPU.ActiveCfg = Debug|Any CPU
		{8226941D-924B-42D0-815F-8FE4222815FB}.Debug|Any CPU.Build.0 = Debug|Any CPU
		{8226941D-924B-42D0-815F-8FE4222815FB}.Release|Any CPU.ActiveCfg = Release|Any CPU
		{8226941D-924B-42D0-815F-8FE4222815FB}.Release|Any CPU.Build.0 = Release|Any CPU
	EndGlobalSection
	GlobalSection(SolutionProperties) = preSolution
		HideSolutionNode = FALSE
	EndGlobalSection
	GlobalSection(ExtensibilityGlobals) = postSolution
		SolutionGuid = {E9C2D465-EA41-458F-9CB1-4BEDE2E75562}
	EndGlobalSection
EndGlobal
